
Microsoft Visual Studio Solution File, Format Version 12.00
# Visual Studio Version 16
VisualStudioVersion = 16.0.30621.155
MinimumVisualStudioVersion = 10.0.40219.1
Project("{FAE04EC0-301F-11D3-BF4B-00C04F79EFBC}") = "TicketParcial", "TicketParcial\TicketParcial.csproj", "{0788E96D-853B-434C-AE96-719AEA31CC78}"
EndProject
Global
	GlobalSection(SolutionConfigurationPlatforms) = preSolution
		Debug|Any CPU = Debug|Any CPU
		Release|Any CPU = Release|Any CPU
	EndGlobalSection
	GlobalSection(ProjectConfigurationPlatforms) = postSolution
		{0788E96D-853B-434C-AE96-719AEA31CC78}.Debug|Any CPU.ActiveCfg = Debug|Any CPU
		{0788E96D-853B-434C-AE96-719AEA31CC78}.Debug|Any CPU.Build.0 = Debug|Any CPU
		{0788E96D-853B-434C-AE96-719AEA31CC78}.Release|Any CPU.ActiveCfg = Release|Any CPU
		{0788E96D-853B-434C-AE96-719AEA31CC78}.Release|Any CPU.Build.0 = Release|Any CPU
	EndGlobalSection
	GlobalSection(SolutionProperties) = preSolution
		HideSolutionNode = FALSE
	EndGlobalSection
	GlobalSection(ExtensibilityGlobals) = postSolution
		SolutionGuid = {6746C08E-09A8-41AF-B7D5-FD261DBF3D13}
	EndGlobalSection
EndGlobal
